<?xml version="1.0" encoding="utf-8"?>
<Project ToolsVersion="4.0" xmlns="http://schemas.microsoft.com/developer/msbuild/2003">
  <ItemGroup>
    <Filter Include="Source Files">
      <UniqueIdentifier>{4FC737F1-C7A5-4376-A066-2A32D752A2FF}</UniqueIdentifier>
      <Extensions>cpp;c;cc;cxx;def;odl;idl;hpj;bat;asm;asmx</Extensions>
    </Filter>
    <Filter Include="Header Files">
      <UniqueIdentifier>{93995380-89BD-4b04-88EB-625FBE52EBFB}</UniqueIdentifier>
      <Extensions>h;hpp;hxx;hm;inl;inc;xsd</Extensions>
    </Filter>
    <Filter Include="Resource Files">
      <UniqueIdentifier>{67DA6AB6-F800-4c08-8B7A-83BB121AAD01}</UniqueIdentifier>
      <Extensions>rc;ico;cur;bmp;dlg;rc2;rct;bin;rgs;gif;jpg;jpeg;jpe;resx;tiff;tif;png;wav</Extensions>
    </Filter>
  </ItemGroup>
  <ItemGroup>
    <ClCompile Include="bih.c">
      <Filter>Source Files</Filter>
    </ClCompile>
    <ClCompile Include="builddate.c">
      <Filter>Source Files</Filter>
    </ClCompile>
    <ClCompile Include="cap_avi.c">
      <Filter>Source Files</Filter>
    </ClCompile>
    <ClCompile Include="cap_ogg.c">
      <Filter>Source Files</Filter>
    </ClCompile>
    <ClCompile Include="cd_sdl.c">
      <Filter>Source Files</Filter>
    </ClCompile>
    <ClCompile Include="cd_shared.c">
      <Filter>Source Files</Filter>
    </ClCompile>
    <ClCompile Include="cl_collision.c">
      <Filter>Source Files</Filter>
    </ClCompile>
    <ClCompile Include="cl_demo.c">
      <Filter>Source Files</Filter>
    </ClCompile>
    <ClCompile Include="cl_dyntexture.c">
      <Filter>Source Files</Filter>
    </ClCompile>
    <ClCompile Include="cl_gecko.c">
      <Filter>Source Files</Filter>
    </ClCompile>
    <ClCompile Include="cl_input.c">
      <Filter>Source Files</Filter>
    </ClCompile>
    <ClCompile Include="cl_main.c">
      <Filter>Source Files</Filter>
    </ClCompile>
    <ClCompile Include="cl_parse.c">
      <Filter>Source Files</Filter>
    </ClCompile>
    <ClCompile Include="cl_particles.c">
      <Filter>Source Files</Filter>
    </ClCompile>
    <ClCompile Include="cl_screen.c">
      <Filter>Source Files</Filter>
    </ClCompile>
    <ClCompile Include="cl_video.c">
      <Filter>Source Files</Filter>
    </ClCompile>
    <ClCompile Include="clvm_cmds.c">
      <Filter>Source Files</Filter>
    </ClCompile>
    <ClCompile Include="cmd.c">
      <Filter>Source Files</Filter>
    </ClCompile>
    <ClCompile Include="collision.c">
      <Filter>Source Files</Filter>
    </ClCompile>
    <ClCompile Include="common.c">
      <Filter>Source Files</Filter>
    </ClCompile>
    <ClCompile Include="console.c">
      <Filter>Source Files</Filter>
    </ClCompile>
    <ClCompile Include="crypto.c">
      <Filter>Source Files</Filter>
    </ClCompile>
    <ClCompile Include="csprogs.c">
      <Filter>Source Files</Filter>
    </ClCompile>
    <ClCompile Include="curves.c">
      <Filter>Source Files</Filter>
    </ClCompile>
    <ClCompile Include="cvar.c">
      <Filter>Source Files</Filter>
    </ClCompile>
    <ClCompile Include="dpsoftrast.c">
      <Filter>Source Files</Filter>
    </ClCompile>
    <ClCompile Include="dpvsimpledecode.c">
      <Filter>Source Files</Filter>
    </ClCompile>
    <ClCompile Include="filematch.c">
      <Filter>Source Files</Filter>
    </ClCompile>
    <ClCompile Include="fractalnoise.c">
      <Filter>Source Files</Filter>
    </ClCompile>
    <ClCompile Include="fs.c">
      <Filter>Source Files</Filter>
    </ClCompile>
    <ClCompile Include="ft2.c">
      <Filter>Source Files</Filter>
    </ClCompile>
    <ClCompile Include="gl_backend.c">
      <Filter>Source Files</Filter>
    </ClCompile>
    <ClCompile Include="gl_draw.c">
      <Filter>Source Files</Filter>
    </ClCompile>
    <ClCompile Include="gl_rmain.c">
      <Filter>Source Files</Filter>
    </ClCompile>
    <ClCompile Include="gl_rsurf.c">
      <Filter>Source Files</Filter>
    </ClCompile>
    <ClCompile Include="gl_textures.c">
      <Filter>Source Files</Filter>
    </ClCompile>
    <ClCompile Include="hmac.c">
      <Filter>Source Files</Filter>
    </ClCompile>
    <ClCompile Include="host.c">
      <Filter>Source Files</Filter>
    </ClCompile>
    <ClCompile Include="host_cmd.c">
      <Filter>Source Files</Filter>
    </ClCompile>
    <ClCompile Include="image.c">
      <Filter>Source Files</Filter>
    </ClCompile>
    <ClCompile Include="image_png.c">
      <Filter>Source Files</Filter>
    </ClCompile>
    <ClCompile Include="jpeg.c">
      <Filter>Source Files</Filter>
    </ClCompile>
    <ClCompile Include="keys.c">
      <Filter>Source Files</Filter>
    </ClCompile>
    <ClCompile Include="lhnet.c">
      <Filter>Source Files</Filter>
    </ClCompile>
    <ClCompile Include="libcurl.c">
      <Filter>Source Files</Filter>
    </ClCompile>
    <ClCompile Include="mathlib.c">
      <Filter>Source Files</Filter>
    </ClCompile>
    <ClCompile Include="matrixlib.c">
      <Filter>Source Files</Filter>
    </ClCompile>
    <ClCompile Include="mdfour.c">
      <Filter>Source Files</Filter>
    </ClCompile>
    <ClCompile Include="menu.c">
      <Filter>Source Files</Filter>
    </ClCompile>
    <ClCompile Include="meshqueue.c">
      <Filter>Source Files</Filter>
    </ClCompile>
    <ClCompile Include="mod_skeletal_animatevertices_generic.c">
      <Filter>Source Files</Filter>
    </ClCompile>
    <ClCompile Include="mod_skeletal_animatevertices_sse.c">
      <Filter>Source Files</Filter>
    </ClCompile>
    <ClCompile Include="model_alias.c">
      <Filter>Source Files</Filter>
    </ClCompile>
    <ClCompile Include="model_brush.c">
      <Filter>Source Files</Filter>
    </ClCompile>
    <ClCompile Include="model_shared.c">
      <Filter>Source Files</Filter>
    </ClCompile>
    <ClCompile Include="model_sprite.c">
      <Filter>Source Files</Filter>
    </ClCompile>
    <ClCompile Include="mvm_cmds.c">
      <Filter>Source Files</Filter>
    </ClCompile>
    <ClCompile Include="netconn.c">
      <Filter>Source Files</Filter>
    </ClCompile>
    <ClCompile Include="palette.c">
      <Filter>Source Files</Filter>
    </ClCompile>
    <ClCompile Include="polygon.c">
      <Filter>Source Files</Filter>
    </ClCompile>
    <ClCompile Include="portals.c">
      <Filter>Source Files</Filter>
    </ClCompile>
    <ClCompile Include="protocol.c">
      <Filter>Source Files</Filter>
    </ClCompile>
    <ClCompile Include="prvm_cmds.c">
      <Filter>Source Files</Filter>
    </ClCompile>
    <ClCompile Include="prvm_edict.c">
      <Filter>Source Files</Filter>
    </ClCompile>
    <ClCompile Include="prvm_exec.c">
      <Filter>Source Files</Filter>
    </ClCompile>
    <ClCompile Include="r_explosion.c">
      <Filter>Source Files</Filter>
    </ClCompile>
    <ClCompile Include="r_lightning.c">
      <Filter>Source Files</Filter>
    </ClCompile>
    <ClCompile Include="r_modules.c">
      <Filter>Source Files</Filter>
    </ClCompile>
    <ClCompile Include="r_shadow.c">
      <Filter>Source Files</Filter>
    </ClCompile>
    <ClCompile Include="r_sky.c">
      <Filter>Source Files</Filter>
    </ClCompile>
    <ClCompile Include="r_sprites.c">
      <Filter>Source Files</Filter>
    </ClCompile>
    <ClCompile Include="sbar.c">
      <Filter>Source Files</Filter>
    </ClCompile>
    <ClCompile Include="snd_main.c">
      <Filter>Source Files</Filter>
    </ClCompile>
    <ClCompile Include="snd_mem.c">
      <Filter>Source Files</Filter>
    </ClCompile>
    <ClCompile Include="snd_mix.c">
      <Filter>Source Files</Filter>
    </ClCompile>
    <ClCompile Include="snd_modplug.c">
      <Filter>Source Files</Filter>
    </ClCompile>
    <ClCompile Include="snd_ogg.c">
      <Filter>Source Files</Filter>
    </ClCompile>
    <ClCompile Include="snd_sdl.c">
      <Filter>Source Files</Filter>
    </ClCompile>
    <ClCompile Include="snd_wav.c">
      <Filter>Source Files</Filter>
    </ClCompile>
    <ClCompile Include="sv_demo.c">
      <Filter>Source Files</Filter>
    </ClCompile>
    <ClCompile Include="sv_main.c">
      <Filter>Source Files</Filter>
    </ClCompile>
    <ClCompile Include="sv_move.c">
      <Filter>Source Files</Filter>
    </ClCompile>
    <ClCompile Include="sv_phys.c">
      <Filter>Source Files</Filter>
    </ClCompile>
    <ClCompile Include="sv_user.c">
      <Filter>Source Files</Filter>
    </ClCompile>
    <ClCompile Include="svbsp.c">
      <Filter>Source Files</Filter>
    </ClCompile>
    <ClCompile Include="svvm_cmds.c">
      <Filter>Source Files</Filter>
    </ClCompile>
    <ClCompile Include="sys_sdl.c">
      <Filter>Source Files</Filter>
    </ClCompile>
    <ClCompile Include="sys_shared.c">
      <Filter>Source Files</Filter>
    </ClCompile>
    <ClCompile Include="thread_sdl.c">
      <Filter>Source Files</Filter>
    </ClCompile>
    <ClCompile Include="utf8lib.c">
      <Filter>Source Files</Filter>
    </ClCompile>
    <ClCompile Include="vid_sdl.c">
      <Filter>Source Files</Filter>
    </ClCompile>
    <ClCompile Include="vid_shared.c">
      <Filter>Source Files</Filter>
    </ClCompile>
    <ClCompile Include="view.c">
      <Filter>Source Files</Filter>
    </ClCompile>
    <ClCompile Include="wad.c">
      <Filter>Source Files</Filter>
    </ClCompile>
    <ClCompile Include="world.c">
      <Filter>Source Files</Filter>
    </ClCompile>
    <ClCompile Include="zone.c">
      <Filter>Source Files</Filter>
    </ClCompile>
  </ItemGroup>
  <ItemGroup>
    <ClInclude Include="bih.h">
      <Filter>Header Files</Filter>
    </ClInclude>
    <ClInclude Include="bspfile.h">
      <Filter>Header Files</Filter>
    </ClInclude>
    <ClInclude Include="cap_avi.h">
      <Filter>Header Files</Filter>
    </ClInclude>
    <ClInclude Include="cap_ogg.h">
      <Filter>Header Files</Filter>
    </ClInclude>
    <ClInclude Include="cdaudio.h">
      <Filter>Header Files</Filter>
    </ClInclude>
    <ClInclude Include="cl_collision.h">
      <Filter>Header Files</Filter>
    </ClInclude>
    <ClInclude Include="cl_dyntexture.h">
      <Filter>Header Files</Filter>
    </ClInclude>
    <ClInclude Include="cl_gecko.h">
      <Filter>Header Files</Filter>
    </ClInclude>
    <ClInclude Include="cl_screen.h">
      <Filter>Header Files</Filter>
    </ClInclude>
    <ClInclude Include="cl_video.h">
      <Filter>Header Files</Filter>
    </ClInclude>
    <ClInclude Include="client.h">
      <Filter>Header Files</Filter>
    </ClInclude>
    <ClInclude Include="clprogdefs.h">
      <Filter>Header Files</Filter>
    </ClInclude>
    <ClInclude Include="clvm_cmds.h">
      <Filter>Header Files</Filter>
    </ClInclude>
    <ClInclude Include="cmd.h">
      <Filter>Header Files</Filter>
    </ClInclude>
    <ClInclude Include="collision.h">
      <Filter>Header Files</Filter>
    </ClInclude>
    <ClInclude Include="common.h">
      <Filter>Header Files</Filter>
    </ClInclude>
    <ClInclude Include="console.h">
      <Filter>Header Files</Filter>
    </ClInclude>
    <ClInclude Include="crypto.h">
      <Filter>Header Files</Filter>
    </ClInclude>
    <ClInclude Include="csprogs.h">
      <Filter>Header Files</Filter>
    </ClInclude>
    <ClInclude Include="curves.h">
      <Filter>Header Files</Filter>
    </ClInclude>
    <ClInclude Include="cvar.h">
      <Filter>Header Files</Filter>
    </ClInclude>
    <ClInclude Include="dpsoftrast.h">
      <Filter>Header Files</Filter>
    </ClInclude>
    <ClInclude Include="dpvsimpledecode.h">
      <Filter>Header Files</Filter>
    </ClInclude>
    <ClInclude Include="draw.h">
      <Filter>Header Files</Filter>
    </ClInclude>
    <ClInclude Include="fs.h">
      <Filter>Header Files</Filter>
    </ClInclude>
    <ClInclude Include="ft2.h">
      <Filter>Header Files</Filter>
    </ClInclude>
    <ClInclude Include="ft2_defs.h">
      <Filter>Header Files</Filter>
    </ClInclude>
    <ClInclude Include="ft2_fontdefs.h">
      <Filter>Header Files</Filter>
    </ClInclude>
    <ClInclude Include="gl_backend.h">
      <Filter>Header Files</Filter>
    </ClInclude>
    <ClInclude Include="glquake.h">
      <Filter>Header Files</Filter>
    </ClInclude>
    <ClInclude Include="hmac.h">
      <Filter>Header Files</Filter>
    </ClInclude>
    <ClInclude Include="image.h">
      <Filter>Header Files</Filter>
    </ClInclude>
    <ClInclude Include="image_png.h">
      <Filter>Header Files</Filter>
    </ClInclude>
    <ClInclude Include="input.h">
      <Filter>Header Files</Filter>
    </ClInclude>
    <ClInclude Include="intoverflow.h">
      <Filter>Header Files</Filter>
    </ClInclude>
    <ClInclude Include="jpeg.h">
      <Filter>Header Files</Filter>
    </ClInclude>
    <ClInclude Include="keys.h">
      <Filter>Header Files</Filter>
    </ClInclude>
    <ClInclude Include="lhfont.h">
      <Filter>Header Files</Filter>
    </ClInclude>
    <ClInclude Include="lhnet.h">
      <Filter>Header Files</Filter>
    </ClInclude>
    <ClInclude Include="libcurl.h">
      <Filter>Header Files</Filter>
    </ClInclude>
    <ClInclude Include="mathlib.h">
      <Filter>Header Files</Filter>
    </ClInclude>
    <ClInclude Include="matrixlib.h">
      <Filter>Header Files</Filter>
    </ClInclude>
    <ClInclude Include="mdfour.h">
      <Filter>Header Files</Filter>
    </ClInclude>
    <ClInclude Include="menu.h">
      <Filter>Header Files</Filter>
    </ClInclude>
    <ClInclude Include="meshqueue.h">
      <Filter>Header Files</Filter>
    </ClInclude>
    <ClInclude Include="mod_skeletal_animatevertices_generic.h">
      <Filter>Header Files</Filter>
    </ClInclude>
    <ClInclude Include="mod_skeletal_animatevertices_sse.h">
      <Filter>Header Files</Filter>
    </ClInclude>
    <ClInclude Include="model_alias.h">
      <Filter>Header Files</Filter>
    </ClInclude>
    <ClInclude Include="model_brush.h">
      <Filter>Header Files</Filter>
    </ClInclude>
    <ClInclude Include="model_dpmodel.h">
      <Filter>Header Files</Filter>
    </ClInclude>
    <ClInclude Include="model_iqm.h">
      <Filter>Header Files</Filter>
    </ClInclude>
    <ClInclude Include="model_psk.h">
      <Filter>Header Files</Filter>
    </ClInclude>
    <ClInclude Include="model_shared.h">
      <Filter>Header Files</Filter>
    </ClInclude>
    <ClInclude Include="model_sprite.h">
      <Filter>Header Files</Filter>
    </ClInclude>
    <ClInclude Include="model_zymotic.h">
      <Filter>Header Files</Filter>
    </ClInclude>
    <ClInclude Include="modelgen.h">
      <Filter>Header Files</Filter>
    </ClInclude>
    <ClInclude Include="mprogdefs.h">
      <Filter>Header Files</Filter>
    </ClInclude>
    <ClInclude Include="netconn.h">
      <Filter>Header Files</Filter>
    </ClInclude>
    <ClInclude Include="palette.h">
      <Filter>Header Files</Filter>
    </ClInclude>
    <ClInclude Include="polygon.h">
      <Filter>Header Files</Filter>
    </ClInclude>
    <ClInclude Include="portals.h">
      <Filter>Header Files</Filter>
    </ClInclude>
    <ClInclude Include="pr_comp.h">
      <Filter>Header Files</Filter>
    </ClInclude>
    <ClInclude Include="progdefs.h">
      <Filter>Header Files</Filter>
    </ClInclude>
    <ClInclude Include="progs.h">
      <Filter>Header Files</Filter>
    </ClInclude>
    <ClInclude Include="progsvm.h">
      <Filter>Header Files</Filter>
    </ClInclude>
    <ClInclude Include="protocol.h">
      <Filter>Header Files</Filter>
    </ClInclude>
    <ClInclude Include="prvm_cmds.h">
      <Filter>Header Files</Filter>
    </ClInclude>
    <ClInclude Include="prvm_execprogram.h">
      <Filter>Header Files</Filter>
    </ClInclude>
    <ClInclude Include="qtypes.h">
      <Filter>Header Files</Filter>
    </ClInclude>
    <ClInclude Include="quakedef.h">
      <Filter>Header Files</Filter>
    </ClInclude>
    <ClInclude Include="r_lerpanim.h">
      <Filter>Header Files</Filter>
    </ClInclude>
    <ClInclude Include="r_modules.h">
      <Filter>Header Files</Filter>
    </ClInclude>
    <ClInclude Include="r_shadow.h">
      <Filter>Header Files</Filter>
    </ClInclude>
    <ClInclude Include="r_textures.h">
      <Filter>Header Files</Filter>
    </ClInclude>
    <ClInclude Include="render.h">
      <Filter>Header Files</Filter>
    </ClInclude>
    <ClInclude Include="resource.h">
      <Filter>Header Files</Filter>
    </ClInclude>
    <ClInclude Include="sbar.h">
      <Filter>Header Files</Filter>
    </ClInclude>
    <ClInclude Include="screen.h">
      <Filter>Header Files</Filter>
    </ClInclude>
    <ClInclude Include="SDLMain.h">
      <Filter>Header Files</Filter>
    </ClInclude>
    <ClInclude Include="server.h">
      <Filter>Header Files</Filter>
    </ClInclude>
    <ClInclude Include="shader_glsl.h">
      <Filter>Header Files</Filter>
    </ClInclude>
    <ClInclude Include="shader_hlsl.h">
      <Filter>Header Files</Filter>
    </ClInclude>
    <ClInclude Include="snd_main.h">
      <Filter>Header Files</Filter>
    </ClInclude>
    <ClInclude Include="snd_modplug.h">
      <Filter>Header Files</Filter>
    </ClInclude>
    <ClInclude Include="snd_ogg.h">
      <Filter>Header Files</Filter>
    </ClInclude>
    <ClInclude Include="snd_wav.h">
      <Filter>Header Files</Filter>
    </ClInclude>
    <ClInclude Include="sound.h">
      <Filter>Header Files</Filter>
    </ClInclude>
    <ClInclude Include="spritegn.h">
      <Filter>Header Files</Filter>
    </ClInclude>
    <ClInclude Include="sv_demo.h">
      <Filter>Header Files</Filter>
    </ClInclude>
    <ClInclude Include="svbsp.h">
      <Filter>Header Files</Filter>
    </ClInclude>
    <ClInclude Include="sys.h">
      <Filter>Header Files</Filter>
    </ClInclude>
    <ClInclude Include="thread.h">
      <Filter>Header Files</Filter>
    </ClInclude>
    <ClInclude Include="timing.h">
      <Filter>Header Files</Filter>
    </ClInclude>
    <ClInclude Include="utf8lib.h">
      <Filter>Header Files</Filter>
    </ClInclude>
    <ClInclude Include="vid.h">
      <Filter>Header Files</Filter>
    </ClInclude>
    <ClInclude Include="wad.h">
      <Filter>Header Files</Filter>
    </ClInclude>
    <ClInclude Include="world.h">
      <Filter>Header Files</Filter>
    </ClInclude>
    <ClInclude Include="zone.h">
      <Filter>Header Files</Filter>
    </ClInclude>
  </ItemGroup>
</Project>